
Microsoft Visual Studio Solution File, Format Version 12.00
# Visual Studio Version 16
VisualStudioVersion = 16.0.32802.440
MinimumVisualStudioVersion = 10.0.40219.1
Project("{9A19103F-16F7-4668-BE54-9A1E7A4F7556}") = "Api", "Api\Api.csproj", "{7F4936FB-2558-414A-ABFD-F9C0185AA27E}"
EndProject
Project("{FAE04EC0-301F-11D3-BF4B-00C04F79EFBC}") = "Core", "Core\Core.csproj", "{B7F7A07E-688F-4DDF-8BAB-78843FC65F6A}"
EndProject
Project("{FAE04EC0-301F-11D3-BF4B-00C04F79EFBC}") = "Infrastructure", "Infrastructure\Infrastructure.csproj", "{95AD565E-A884-4993-9B49-1D645B4CEDE1}"
EndProject
Global
	GlobalSection(SolutionConfigurationPlatforms) = preSolution
		Debug|Any CPU = Debug|Any CPU
		Release|Any CPU = Release|Any CPU
	EndGlobalSection
	GlobalSection(ProjectConfigurationPlatforms) = postSolution
		{7F4936FB-2558-414A-ABFD-F9C0185AA27E}.Debug|Any CPU.ActiveCfg = Debug|Any CPU
		{7F4936FB-2558-414A-ABFD-F9C0185AA27E}.Debug|Any CPU.Build.0 = Debug|Any CPU
		{7F4936FB-2558-414A-ABFD-F9C0185AA27E}.Release|Any CPU.ActiveCfg = Release|Any CPU
		{7F4936FB-2558-414A-ABFD-F9C0185AA27E}.Release|Any CPU.Build.0 = Release|Any CPU
		{B7F7A07E-688F-4DDF-8BAB-78843FC65F6A}.Debug|Any CPU.ActiveCfg = Debug|Any CPU
		{B7F7A07E-688F-4DDF-8BAB-78843FC65F6A}.Debug|Any CPU.Build.0 = Debug|Any CPU
		{B7F7A07E-688F-4DDF-8BAB-78843FC65F6A}.Release|Any CPU.ActiveCfg = Release|Any CPU
		{B7F7A07E-688F-4DDF-8BAB-78843FC65F6A}.Release|Any CPU.Build.0 = Release|Any CPU
		{95AD565E-A884-4993-9B49-1D645B4CEDE1}.Debug|Any CPU.ActiveCfg = Debug|Any CPU
		{95AD565E-A884-4993-9B49-1D645B4CEDE1}.Debug|Any CPU.Build.0 = Debug|Any CPU
		{95AD565E-A884-4993-9B49-1D645B4CEDE1}.Release|Any CPU.ActiveCfg = Release|Any CPU
		{95AD565E-A884-4993-9B49-1D645B4CEDE1}.Release|Any CPU.Build.0 = Release|Any CPU
	EndGlobalSection
	GlobalSection(SolutionProperties) = preSolution
		HideSolutionNode = FALSE
	EndGlobalSection
	GlobalSection(ExtensibilityGlobals) = postSolution
		SolutionGuid = {B14AA4C7-BD4F-4EF3-86F5-FE0752DD237C}
	EndGlobalSection
EndGlobal
